
Microsoft Visual Studio Solution File, Format Version 12.00
# Visual Studio Version 16
VisualStudioVersion = 16.0.29215.179
MinimumVisualStudioVersion = 10.0.40219.1
Project("{FAE04EC0-301F-11D3-BF4B-00C04F79EFBC}") = "corrida_kart", "corrida_kart.csproj", "{64757961-B6AF-40B4-A3A9-020ABF2B5354}"
EndProject
Global
	GlobalSection(SolutionConfigurationPlatforms) = preSolution
		Debug|Any CPU = Debug|Any CPU
		Release|Any CPU = Release|Any CPU
	EndGlobalSection
	GlobalSection(ProjectConfigurationPlatforms) = postSolution
		{64757961-B6AF-40B4-A3A9-020ABF2B5354}.Debug|Any CPU.ActiveCfg = Debug|Any CPU
		{64757961-B6AF-40B4-A3A9-020ABF2B5354}.Debug|Any CPU.Build.0 = Debug|Any CPU
		{64757961-B6AF-40B4-A3A9-020ABF2B5354}.Release|Any CPU.ActiveCfg = Release|Any CPU
		{64757961-B6AF-40B4-A3A9-020ABF2B5354}.Release|Any CPU.Build.0 = Release|Any CPU
	EndGlobalSection
	GlobalSection(SolutionProperties) = preSolution
		HideSolutionNode = FALSE
	EndGlobalSection
	GlobalSection(ExtensibilityGlobals) = postSolution
		SolutionGuid = {EC13BC37-1CEC-46E4-9083-10B1C6191609}
	EndGlobalSection
EndGlobal
